// !$*UTF8*$!
{
	archiveVersion = 1;
	classes = {
	};
	objectVersion = 56;
	objects = {

/* Begin PBXBuildFile section */
		18944E58298FD2C400938EF9 /* AppDelegate.swift in Sources */ = {isa = PBXBuildFile; fileRef = 18944E57298FD2C400938EF9 /* AppDelegate.swift */; };
		18944E5A298FD2C400938EF9 /* SceneDelegate.swift in Sources */ = {isa = PBXBuildFile; fileRef = 18944E59298FD2C400938EF9 /* SceneDelegate.swift */; };
		18944E5F298FD2C400938EF9 /* Main.storyboard in Resources */ = {isa = PBXBuildFile; fileRef = 18944E5D298FD2C400938EF9 /* Main.storyboard */; };
		18944E62298FD2C400938EF9 /* SwiftPractice_2023.xcdatamodeld in Sources */ = {isa = PBXBuildFile; fileRef = 18944E60298FD2C400938EF9 /* SwiftPractice_2023.xcdatamodeld */; };
		18944E64298FD2C900938EF9 /* Assets.xcassets in Resources */ = {isa = PBXBuildFile; fileRef = 18944E63298FD2C900938EF9 /* Assets.xcassets */; };
		18944E67298FD2C900938EF9 /* LaunchScreen.storyboard in Resources */ = {isa = PBXBuildFile; fileRef = 18944E65298FD2C900938EF9 /* LaunchScreen.storyboard */; };
		18944E72298FD2CA00938EF9 /* SwiftPractice_2023Tests.swift in Sources */ = {isa = PBXBuildFile; fileRef = 18944E71298FD2CA00938EF9 /* SwiftPractice_2023Tests.swift */; };
		18944E7C298FD2CB00938EF9 /* SwiftPractice_2023UITests.swift in Sources */ = {isa = PBXBuildFile; fileRef = 18944E7B298FD2CB00938EF9 /* SwiftPractice_2023UITests.swift */; };
		18944E7E298FD2CB00938EF9 /* SwiftPractice_2023UITestsLaunchTests.swift in Sources */ = {isa = PBXBuildFile; fileRef = 18944E7D298FD2CB00938EF9 /* SwiftPractice_2023UITestsLaunchTests.swift */; };
/* End PBXBuildFile section */

/* Begin PBXContainerItemProxy section */
		18944E6E298FD2CA00938EF9 /* PBXContainerItemProxy */ = {
			isa = PBXContainerItemProxy;
			containerPortal = 18944E4C298FD2C400938EF9 /* Project object */;
			proxyType = 1;
			remoteGlobalIDString = 18944E53298FD2C400938EF9;
			remoteInfo = SwiftPractice_2023;
		};
		18944E78298FD2CB00938EF9 /* PBXContainerItemProxy */ = {
			isa = PBXContainerItemProxy;
			containerPortal = 18944E4C298FD2C400938EF9 /* Project object */;
			proxyType = 1;
			remoteGlobalIDString = 18944E53298FD2C400938EF9;
			remoteInfo = SwiftPractice_2023;
		};
/* End PBXContainerItemProxy section */

/* Begin PBXFileReference section */
		18944E54298FD2C400938EF9 /* SwiftPractice_2023.app */ = {isa = PBXFileReference; explicitFileType = wrapper.application; includeInIndex = 0; path = SwiftPractice_2023.app; sourceTree = BUILT_PRODUCTS_DIR; };
		18944E57298FD2C400938EF9 /* AppDelegate.swift */ = {isa = PBXFileReference; lastKnownFileType = sourcecode.swift; path = AppDelegate.swift; sourceTree = "<group>"; };
		18944E59298FD2C400938EF9 /* SceneDelegate.swift */ = {isa = PBXFileReference; lastKnownFileType = sourcecode.swift; path = SceneDelegate.swift; sourceTree = "<group>"; };
		18944E5E298FD2C400938EF9 /* Base */ = {isa = PBXFileReference; lastKnownFileType = file.storyboard; name = Base; path = Base.lproj/Main.storyboard; sourceTree = "<group>"; };
		18944E61298FD2C400938EF9 /* SwiftPractice_2023.xcdatamodel */ = {isa = PBXFileReference; lastKnownFileType = wrapper.xcdatamodel; path = SwiftPractice_2023.xcdatamodel; sourceTree = "<group>"; };
		18944E63298FD2C900938EF9 /* Assets.xcassets */ = {isa = PBXFileReference; lastKnownFileType = folder.assetcatalog; path = Assets.xcassets; sourceTree = "<group>"; };
		18944E66298FD2C900938EF9 /* Base */ = {isa = PBXFileReference; lastKnownFileType = file.storyboard; name = Base; path = Base.lproj/LaunchScreen.storyboard; sourceTree = "<group>"; };
		18944E68298FD2C900938EF9 /* Info.plist */ = {isa = PBXFileReference; lastKnownFileType = text.plist.xml; path = Info.plist; sourceTree = "<group>"; };
		18944E6D298FD2CA00938EF9 /* SwiftPractice_2023Tests.xctest */ = {isa = PBXFileReference; explicitFileType = wrapper.cfbundle; includeInIndex = 0; path = SwiftPractice_2023Tests.xctest; sourceTree = BUILT_PRODUCTS_DIR; };
		18944E71298FD2CA00938EF9 /* SwiftPractice_2023Tests.swift */ = {isa = PBXFileReference; lastKnownFileType = sourcecode.swift; path = SwiftPractice_2023Tests.swift; sourceTree = "<group>"; };
		18944E77298FD2CB00938EF9 /* SwiftPractice_2023UITests.xctest */ = {isa = PBXFileReference; explicitFileType = wrapper.cfbundle; includeInIndex = 0; path = SwiftPractice_2023UITests.xctest; sourceTree = BUILT_PRODUCTS_DIR; };
		18944E7B298FD2CB00938EF9 /* SwiftPractice_2023UITests.swift */ = {isa = PBXFileReference; lastKnownFileType = sourcecode.swift; path = SwiftPractice_2023UITests.swift; sourceTree = "<group>"; };
		18944E7D298FD2CB00938EF9 /* SwiftPractice_2023UITestsLaunchTests.swift */ = {isa = PBXFileReference; lastKnownFileType = sourcecode.swift; path = SwiftPractice_2023UITestsLaunchTests.swift; sourceTree = "<group>"; };
/* End PBXFileReference section */

/* Begin PBXFrameworksBuildPhase section */
		18944E51298FD2C400938EF9 /* Frameworks */ = {
			isa = PBXFrameworksBuildPhase;
			buildActionMask = 2147483647;
			files = (
			);
			runOnlyForDeploymentPostprocessing = 0;
		};
		18944E6A298FD2CA00938EF9 /* Frameworks */ = {
			isa = PBXFrameworksBuildPhase;
			buildActionMask = 2147483647;
			files = (
			);
			runOnlyForDeploymentPostprocessing = 0;
		};
		18944E74298FD2CB00938EF9 /* Frameworks */ = {
			isa = PBXFrameworksBuildPhase;
			buildActionMask = 2147483647;
			files = (
			);
			runOnlyForDeploymentPostprocessing = 0;
		};
/* End PBXFrameworksBuildPhase section */

/* Begin PBXGroup section */
		18944E4B298FD2C400938EF9 = {
			isa = PBXGroup;
			children = (
				18944E56298FD2C400938EF9 /* SwiftPractice_2023 */,
				18944E70298FD2CA00938EF9 /* SwiftPractice_2023Tests */,
				18944E7A298FD2CB00938EF9 /* SwiftPractice_2023UITests */,
				18944E55298FD2C400938EF9 /* Products */,
			);
			sourceTree = "<group>";
		};
		18944E55298FD2C400938EF9 /* Products */ = {
			isa = PBXGroup;
			children = (
				18944E54298FD2C400938EF9 /* SwiftPractice_2023.app */,
				18944E6D298FD2CA00938EF9 /* SwiftPractice_2023Tests.xctest */,
				18944E77298FD2CB00938EF9 /* SwiftPractice_2023UITests.xctest */,
			);
			name = Products;
			sourceTree = "<group>";
		};
		18944E56298FD2C400938EF9 /* SwiftPractice_2023 */ = {
			isa = PBXGroup;
			children = (
				18944E57298FD2C400938EF9 /* AppDelegate.swift */,
				18944E59298FD2C400938EF9 /* SceneDelegate.swift */,
				18944E8A298FD45900938EF9 /* Practice_Starts */,
				18944E5D298FD2C400938EF9 /* Main.storyboard */,
				18944E63298FD2C900938EF9 /* Assets.xcassets */,
				18944E65298FD2C900938EF9 /* LaunchScreen.storyboard */,
				18944E68298FD2C900938EF9 /* Info.plist */,
				18944E60298FD2C400938EF9 /* SwiftPractice_2023.xcdatamodeld */,
			);
			path = SwiftPractice_2023;
			sourceTree = "<group>";
		};
		18944E70298FD2CA00938EF9 /* SwiftPractice_2023Tests */ = {
			isa = PBXGroup;
			children = (
				18944E71298FD2CA00938EF9 /* SwiftPractice_2023Tests.swift */,
			);
			path = SwiftPractice_2023Tests;
			sourceTree = "<group>";
		};
		18944E7A298FD2CB00938EF9 /* SwiftPractice_2023UITests */ = {
			isa = PBXGroup;
			children = (
				18944E7B298FD2CB00938EF9 /* SwiftPractice_2023UITests.swift */,
				18944E7D298FD2CB00938EF9 /* SwiftPractice_2023UITestsLaunchTests.swift */,
			);
			path = SwiftPractice_2023UITests;
			sourceTree = "<group>";
		};
		18944E8A298FD45900938EF9 /* Practice_Starts */ = {
			isa = PBXGroup;
			children = (
			);
			path = Practice_Starts;
			sourceTree = "<group>";
		};
/* End PBXGroup section */

/* Begin PBXNativeTarget section */
		18944E53298FD2C400938EF9 /* SwiftPractice_2023 */ = {
			isa = PBXNativeTarget;
			buildConfigurationList = 18944E81298FD2CB00938EF9 /* Build configuration list for PBXNativeTarget "SwiftPractice_2023" */;
			buildPhases = (
				18944E50298FD2C400938EF9 /* Sources */,
				18944E51298FD2C400938EF9 /* Frameworks */,
				18944E52298FD2C400938EF9 /* Resources */,
			);
			buildRules = (
			);
			dependencies = (
			);
			name = SwiftPractice_2023;
			productName = SwiftPractice_2023;
			productReference = 18944E54298FD2C400938EF9 /* SwiftPractice_2023.app */;
			productType = "com.apple.product-type.application";
		};
		18944E6C298FD2CA00938EF9 /* SwiftPractice_2023Tests */ = {
			isa = PBXNativeTarget;
			buildConfigurationList = 18944E84298FD2CB00938EF9 /* Build configuration list for PBXNativeTarget "SwiftPractice_2023Tests" */;
			buildPhases = (
				18944E69298FD2CA00938EF9 /* Sources */,
				18944E6A298FD2CA00938EF9 /* Frameworks */,
				18944E6B298FD2CA00938EF9 /* Resources */,
			);
			buildRules = (
			);
			dependencies = (
				18944E6F298FD2CA00938EF9 /* PBXTargetDependency */,
			);
			name = SwiftPractice_2023Tests;
			productName = SwiftPractice_2023Tests;
			productReference = 18944E6D298FD2CA00938EF9 /* SwiftPractice_2023Tests.xctest */;
			productType = "com.apple.product-type.bundle.unit-test";
		};
		18944E76298FD2CB00938EF9 /* SwiftPractice_2023UITests */ = {
			isa = PBXNativeTarget;
			buildConfigurationList = 18944E87298FD2CB00938EF9 /* Build configuration list for PBXNativeTarget "SwiftPractice_2023UITests" */;
			buildPhases = (
				18944E73298FD2CB00938EF9 /* Sources */,
				18944E74298FD2CB00938EF9 /* Frameworks */,
				18944E75298FD2CB00938EF9 /* Resources */,
			);
			buildRules = (
			);
			dependencies = (
				18944E79298FD2CB00938EF9 /* PBXTargetDependency */,
			);
			name = SwiftPractice_2023UITests;
			productName = SwiftPractice_2023UITests;
			productReference = 18944E77298FD2CB00938EF9 /* SwiftPractice_2023UITests.xctest */;
			productType = "com.apple.product-type.bundle.ui-testing";
		};
/* End PBXNativeTarget section */

/* Begin PBXProject section */
		18944E4C298FD2C400938EF9 /* Project object */ = {
			isa = PBXProject;
			attributes = {
				BuildIndependentTargetsInParallel = 1;
				LastSwiftUpdateCheck = 1420;
				LastUpgradeCheck = 1420;
				TargetAttributes = {
					18944E53298FD2C400938EF9 = {
						CreatedOnToolsVersion = 14.2;
					};
					18944E6C298FD2CA00938EF9 = {
						CreatedOnToolsVersion = 14.2;
						TestTargetID = 18944E53298FD2C400938EF9;
					};
					18944E76298FD2CB00938EF9 = {
						CreatedOnToolsVersion = 14.2;
						TestTargetID = 18944E53298FD2C400938EF9;
					};
				};
			};
			buildConfigurationList = 18944E4F298FD2C400938EF9 /* Build configuration list for PBXProject "SwiftPractice_2023" */;
			compatibilityVersion = "Xcode 14.0";
			developmentRegion = en;
			hasScannedForEncodings = 0;
			knownRegions = (
				en,
				Base,
			);
			mainGroup = 18944E4B298FD2C400938EF9;
			productRefGroup = 18944E55298FD2C400938EF9 /* Products */;
			projectDirPath = "";
			projectRoot = "";
			targets = (
				18944E53298FD2C400938EF9 /* SwiftPractice_2023 */,
				18944E6C298FD2CA00938EF9 /* SwiftPractice_2023Tests */,
				18944E76298FD2CB00938EF9 /* SwiftPractice_2023UITests */,
			);
		};
/* End PBXProject section */

/* Begin PBXResourcesBuildPhase section */
		18944E52298FD2C400938EF9 /* Resources */ = {
			isa = PBXResourcesBuildPhase;
			buildActionMask = 2147483647;
			files = (
				18944E67298FD2C900938EF9 /* LaunchScreen.storyboard in Resources */,
				18944E64298FD2C900938EF9 /* Assets.xcassets in Resources */,
				18944E5F298FD2C400938EF9 /* Main.storyboard in Resources */,
			);
			runOnlyForDeploymentPostprocessing = 0;
		};
		18944E6B298FD2CA00938EF9 /* Resources */ = {
			isa = PBXResourcesBuildPhase;
			buildActionMask = 2147483647;
			files = (
			);
			runOnlyForDeploymentPostprocessing = 0;
		};
		18944E75298FD2CB00938EF9 /* Resources */ = {
			isa = PBXResourcesBuildPhase;
			buildActionMask = 2147483647;
			files = (
			);
			runOnlyForDeploymentPostprocessing = 0;
		};
/* End PBXResourcesBuildPhase section */

/* Begin PBXSourcesBuildPhase section */
		18944E50298FD2C400938EF9 /* Sources */ = {
			isa = PBXSourcesBuildPhase;
			buildActionMask = 2147483647;
			files = (
				18944E62298FD2C400938EF9 /* SwiftPractice_2023.xcdatamodeld in Sources */,
				18944E58298FD2C400938EF9 /* AppDelegate.swift in Sources */,
				18944E5A298FD2C400938EF9 /* SceneDelegate.swift in Sources */,
			);
			runOnlyForDeploymentPostprocessing = 0;
		};
		18944E69298FD2CA00938EF9 /* Sources */ = {
			isa = PBXSourcesBuildPhase;
			buildActionMask = 2147483647;
			files = (
				18944E72298FD2CA00938EF9 /* SwiftPractice_2023Tests.swift in Sources */,
			);
			runOnlyForDeploymentPostprocessing = 0;
		};
		18944E73298FD2CB00938EF9 /* Sources */ = {
			isa = PBXSourcesBuildPhase;
			buildActionMask = 2147483647;
			files = (
				18944E7E298FD2CB00938EF9 /* SwiftPractice_2023UITestsLaunchTests.swift in Sources */,
				18944E7C298FD2CB00938EF9 /* SwiftPractice_2023UITests.swift in Sources */,
			);
			runOnlyForDeploymentPostprocessing = 0;
		};
/* End PBXSourcesBuildPhase section */

/* Begin PBXTargetDependency section */
		18944E6F298FD2CA00938EF9 /* PBXTargetDependency */ = {
			isa = PBXTargetDependency;
			target = 18944E53298FD2C400938EF9 /* SwiftPractice_2023 */;
			targetProxy = 18944E6E298FD2CA00938EF9 /* PBXContainerItemProxy */;
		};
		18944E79298FD2CB00938EF9 /* PBXTargetDependency */ = {
			isa = PBXTargetDependency;
			target = 18944E53298FD2C400938EF9 /* SwiftPractice_2023 */;
			targetProxy = 18944E78298FD2CB00938EF9 /* PBXContainerItemProxy */;
		};
/* End PBXTargetDependency section */

/* Begin PBXVariantGroup section */
		18944E5D298FD2C400938EF9 /* Main.storyboard */ = {
			isa = PBXVariantGroup;
			children = (
				18944E5E298FD2C400938EF9 /* Base */,
			);
			name = Main.storyboard;
			sourceTree = "<group>";
		};
		18944E65298FD2C900938EF9 /* LaunchScreen.storyboard */ = {
			isa = PBXVariantGroup;
			children = (
				18944E66298FD2C900938EF9 /* Base */,
			);
			name = LaunchScreen.storyboard;
			sourceTree = "<group>";
		};
/* End PBXVariantGroup section */

/* Begin XCBuildConfiguration section */
		18944E7F298FD2CB00938EF9 /* Debug */ = {
			isa = XCBuildConfiguration;
			buildSettings = {
				ALWAYS_SEARCH_USER_PATHS = NO;
				CLANG_ANALYZER_NONNULL = YES;
				CLANG_ANALYZER_NUMBER_OBJECT_CONVERSION = YES_AGGRESSIVE;
				CLANG_CXX_LANGUAGE_STANDARD = "gnu++20";
				CLANG_ENABLE_MODULES = YES;
				CLANG_ENABLE_OBJC_ARC = YES;
				CLANG_ENABLE_OBJC_WEAK = YES;
				CLANG_WARN_BLOCK_CAPTURE_AUTORELEASING = YES;
				CLANG_WARN_BOOL_CONVERSION = YES;
				CLANG_WARN_COMMA = YES;
				CLANG_WARN_CONSTANT_CONVERSION = YES;
				CLANG_WARN_DEPRECATED_OBJC_IMPLEMENTATIONS = YES;
				CLANG_WARN_DIRECT_OBJC_ISA_USAGE = YES_ERROR;
				CLANG_WARN_DOCUMENTATION_COMMENTS = YES;
				CLANG_WARN_EMPTY_BODY = YES;
				CLANG_WARN_ENUM_CONVERSION = YES;
				CLANG_WARN_INFINITE_RECURSION = YES;
				CLANG_WARN_INT_CONVERSION = YES;
				CLANG_WARN_NON_LITERAL_NULL_CONVERSION = YES;
				CLANG_WARN_OBJC_IMPLICIT_RETAIN_SELF = YES;
				CLANG_WARN_OBJC_LITERAL_CONVERSION = YES;
				CLANG_WARN_OBJC_ROOT_CLASS = YES_ERROR;
				CLANG_WARN_QUOTED_INCLUDE_IN_FRAMEWORK_HEADER = YES;
				CLANG_WARN_RANGE_LOOP_ANALYSIS = YES;
				CLANG_WARN_STRICT_PROTOTYPES = YES;
				CLANG_WARN_SUSPICIOUS_MOVE = YES;
				CLANG_WARN_UNGUARDED_AVAILABILITY = YES_AGGRESSIVE;
				CLANG_WARN_UNREACHABLE_CODE = YES;
				CLANG_WARN__DUPLICATE_METHOD_MATCH = YES;
				COPY_PHASE_STRIP = NO;
				DEBUG_INFORMATION_FORMAT = dwarf;
				ENABLE_STRICT_OBJC_MSGSEND = YES;
				ENABLE_TESTABILITY = YES;
				GCC_C_LANGUAGE_STANDARD = gnu11;
				GCC_DYNAMIC_NO_PIC = NO;
				GCC_NO_COMMON_BLOCKS = YES;
				GCC_OPTIMIZATION_LEVEL = 0;
				GCC_PREPROCESSOR_DEFINITIONS = (
					"DEBUG=1",
					"$(inherited)",
				);
				GCC_WARN_64_TO_32_BIT_CONVERSION = YES;
				GCC_WARN_ABOUT_RETURN_TYPE = YES_ERROR;
				GCC_WARN_UNDECLARED_SELECTOR = YES;
				GCC_WARN_UNINITIALIZED_AUTOS = YES_AGGRESSIVE;
				GCC_WARN_UNUSED_FUNCTION = YES;
				GCC_WARN_UNUSED_VARIABLE = YES;
				IPHONEOS_DEPLOYMENT_TARGET = 16.2;
				MTL_ENABLE_DEBUG_INFO = INCLUDE_SOURCE;
				MTL_FAST_MATH = YES;
				ONLY_ACTIVE_ARCH = YES;
				SDKROOT = iphoneos;
				SWIFT_ACTIVE_COMPILATION_CONDITIONS = DEBUG;
				SWIFT_OPTIMIZATION_LEVEL = "-Onone";
			};
			name = Debug;
		};
		18944E80298FD2CB00938EF9 /* Release */ = {
			isa = XCBuildConfiguration;
			buildSettings = {
				ALWAYS_SEARCH_USER_PATHS = NO;
				CLANG_ANALYZER_NONNULL = YES;
				CLANG_ANALYZER_NUMBER_OBJECT_CONVERSION = YES_AGGRESSIVE;
				CLANG_CXX_LANGUAGE_STANDARD = "gnu++20";
				CLANG_ENABLE_MODULES = YES;
				CLANG_ENABLE_OBJC_ARC = YES;
				CLANG_ENABLE_OBJC_WEAK = YES;
				CLANG_WARN_BLOCK_CAPTURE_AUTORELEASING = YES;
				CLANG_WARN_BOOL_CONVERSION = YES;
				CLANG_WARN_COMMA = YES;
				CLANG_WARN_CONSTANT_CONVERSION = YES;
				CLANG_WARN_DEPRECATED_OBJC_IMPLEMENTATIONS = YES;
				CLANG_WARN_DIRECT_OBJC_ISA_USAGE = YES_ERROR;
				CLANG_WARN_DOCUMENTATION_COMMENTS = YES;
				CLANG_WARN_EMPTY_BODY = YES;
				CLANG_WARN_ENUM_CONVERSION = YES;
				CLANG_WARN_INFINITE_RECURSION = YES;
				CLANG_WARN_INT_CONVERSION = YES;
				CLANG_WARN_NON_LITERAL_NULL_CONVERSION = YES;
				CLANG_WARN_OBJC_IMPLICIT_RETAIN_SELF = YES;
				CLANG_WARN_OBJC_LITERAL_CONVERSION = YES;
				CLANG_WARN_OBJC_ROOT_CLASS = YES_ERROR;
				CLANG_WARN_QUOTED_INCLUDE_IN_FRAMEWORK_HEADER = YES;
				CLANG_WARN_RANGE_LOOP_ANALYSIS = YES;
				CLANG_WARN_STRICT_PROTOTYPES = YES;
				CLANG_WARN_SUSPICIOUS_MOVE = YES;
				CLANG_WARN_UNGUARDED_AVAILABILITY = YES_AGGRESSIVE;
				CLANG_WARN_UNREACHABLE_CODE = YES;
				CLANG_WARN__DUPLICATE_METHOD_MATCH = YES;
				COPY_PHASE_STRIP = NO;
				DEBUG_INFORMATION_FORMAT = "dwarf-with-dsym";
				ENABLE_NS_ASSERTIONS = NO;
				ENABLE_STRICT_OBJC_MSGSEND = YES;
				GCC_C_LANGUAGE_STANDARD = gnu11;
				GCC_NO_COMMON_BLOCKS = YES;
				GCC_WARN_64_TO_32_BIT_CONVERSION = YES;
				GCC_WARN_ABOUT_RETURN_TYPE = YES_ERROR;
				GCC_WARN_UNDECLARED_SELECTOR = YES;
				GCC_WARN_UNINITIALIZED_AUTOS = YES_AGGRESSIVE;
				GCC_WARN_UNUSED_FUNCTION = YES;
				GCC_WARN_UNUSED_VARIABLE = YES;
				IPHONEOS_DEPLOYMENT_TARGET = 16.2;
				MTL_ENABLE_DEBUG_INFO = NO;
				MTL_FAST_MATH = YES;
				SDKROOT = iphoneos;
				SWIFT_COMPILATION_MODE = wholemodule;
				SWIFT_OPTIMIZATION_LEVEL = "-O";
				VALIDATE_PRODUCT = YES;
			};
			name = Release;
		};
		18944E82298FD2CB00938EF9 /* Debug */ = {
			isa = XCBuildConfiguration;
			buildSettings = {
				ASSETCATALOG_COMPILER_APPICON_NAME = AppIcon;
				ASSETCATALOG_COMPILER_GLOBAL_ACCENT_COLOR_NAME = AccentColor;
				CODE_SIGN_STYLE = Automatic;
				CURRENT_PROJECT_VERSION = 1;
				DEVELOPMENT_TEAM = CYN5M7KJ2P;
				GENERATE_INFOPLIST_FILE = YES;
				INFOPLIST_FILE = SwiftPractice_2023/Info.plist;
				INFOPLIST_KEY_UIApplicationSupportsIndirectInputEvents = YES;
				INFOPLIST_KEY_UILaunchStoryboardName = LaunchScreen;
				INFOPLIST_KEY_UIMainStoryboardFile = Main;
				INFOPLIST_KEY_UISupportedInterfaceOrientations_iPad = "UIInterfaceOrientationPortrait UIInterfaceOrientationPortraitUpsideDown UIInterfaceOrientationLandscapeLeft UIInterfaceOrientationLandscapeRight";
				INFOPLIST_KEY_UISupportedInterfaceOrientations_iPhone = "UIInterfaceOrientationPortrait UIInterfaceOrientationLandscapeLeft UIInterfaceOrientationLandscapeRight";
				LD_RUNPATH_SEARCH_PATHS = (
					"$(inherited)",
					"@executable_path/Frameworks",
				);
				MARKETING_VERSION = 1.0;
				PRODUCT_BUNDLE_IDENTIFIER = "RKProjects.SwiftPractice-2023";
				PRODUCT_NAME = "$(TARGET_NAME)";
				SWIFT_EMIT_LOC_STRINGS = YES;
				SWIFT_VERSION = 5.0;
				TARGETED_DEVICE_FAMILY = "1,2";
			};
			name = Debug;
		};
		18944E83298FD2CB00938EF9 /* Release */ = {
			isa = XCBuildConfiguration;
			buildSettings = {
				ASSETCATALOG_COMPILER_APPICON_NAME = AppIcon;
				ASSETCATALOG_COMPILER_GLOBAL_ACCENT_COLOR_NAME = AccentColor;
				CODE_SIGN_STYLE = Automatic;
				CURRENT_PROJECT_VERSION = 1;
				DEVELOPMENT_TEAM = CYN5M7KJ2P;
				GENERATE_INFOPLIST_FILE = YES;
				INFOPLIST_FILE = SwiftPractice_2023/Info.plist;
				INFOPLIST_KEY_UIApplicationSupportsIndirectInputEvents = YES;
				INFOPLIST_KEY_UILaunchStoryboardName = LaunchScreen;
				INFOPLIST_KEY_UIMainStoryboardFile = Main;
				INFOPLIST_KEY_UISupportedInterfaceOrientations_iPad = "UIInterfaceOrientationPortrait UIInterfaceOrientationPortraitUpsideDown UIInterfaceOrientationLandscapeLeft UIInterfaceOrientationLandscapeRight";
				INFOPLIST_KEY_UISupportedInterfaceOrientations_iPhone = "UIInterfaceOrientationPortrait UIInterfaceOrientationLandscapeLeft UIInterfaceOrientationLandscapeRight";
				LD_RUNPATH_SEARCH_PATHS = (
					"$(inherited)",
					"@executable_path/Frameworks",
				);
				MARKETING_VERSION = 1.0;
				PRODUCT_BUNDLE_IDENTIFIER = "RKProjects.SwiftPractice-2023";
				PRODUCT_NAME = "$(TARGET_NAME)";
				SWIFT_EMIT_LOC_STRINGS = YES;
				SWIFT_VERSION = 5.0;
				TARGETED_DEVICE_FAMILY = "1,2";
			};
			name = Release;
		};
		18944E85298FD2CB00938EF9 /* Debug */ = {
			isa = XCBuildConfiguration;
			buildSettings = {
				ALWAYS_EMBED_SWIFT_STANDARD_LIBRARIES = YES;
				BUNDLE_LOADER = "$(TEST_HOST)";
				CODE_SIGN_STYLE = Automatic;
				CURRENT_PROJECT_VERSION = 1;
				DEVELOPMENT_TEAM = CYN5M7KJ2P;
				GENERATE_INFOPLIST_FILE = YES;
				IPHONEOS_DEPLOYMENT_TARGET = 16.2;
				MARKETING_VERSION = 1.0;
				PRODUCT_BUNDLE_IDENTIFIER = "RKProjects.SwiftPractice-2023Tests";
				PRODUCT_NAME = "$(TARGET_NAME)";
				SWIFT_EMIT_LOC_STRINGS = NO;
				SWIFT_VERSION = 5.0;
				TARGETED_DEVICE_FAMILY = "1,2";
				TEST_HOST = "$(BUILT_PRODUCTS_DIR)/SwiftPractice_2023.app/$(BUNDLE_EXECUTABLE_FOLDER_PATH)/SwiftPractice_2023";
			};
			name = Debug;
		};
		18944E86298FD2CB00938EF9 /* Release */ = {
			isa = XCBuildConfiguration;
			buildSettings = {
				ALWAYS_EMBED_SWIFT_STANDARD_LIBRARIES = YES;
				BUNDLE_LOADER = "$(TEST_HOST)";
				CODE_SIGN_STYLE = Automatic;
				CURRENT_PROJECT_VERSION = 1;
				DEVELOPMENT_TEAM = CYN5M7KJ2P;
				GENERATE_INFOPLIST_FILE = YES;
				IPHONEOS_DEPLOYMENT_TARGET = 16.2;
				MARKETING_VERSION = 1.0;
				PRODUCT_BUNDLE_IDENTIFIER = "RKProjects.SwiftPractice-2023Tests";
				PRODUCT_NAME = "$(TARGET_NAME)";
				SWIFT_EMIT_LOC_STRINGS = NO;
				SWIFT_VERSION = 5.0;
				TARGETED_DEVICE_FAMILY = "1,2";
				TEST_HOST = "$(BUILT_PRODUCTS_DIR)/SwiftPractice_2023.app/$(BUNDLE_EXECUTABLE_FOLDER_PATH)/SwiftPractice_2023";
			};
			name = Release;
		};
		18944E88298FD2CB00938EF9 /* Debug */ = {
			isa = XCBuildConfiguration;
			buildSettings = {
				ALWAYS_EMBED_SWIFT_STANDARD_LIBRARIES = YES;
				CODE_SIGN_STYLE = Automatic;
				CURRENT_PROJECT_VERSION = 1;
				DEVELOPMENT_TEAM = CYN5M7KJ2P;
				GENERATE_INFOPLIST_FILE = YES;
				MARKETING_VERSION = 1.0;
				PRODUCT_BUNDLE_IDENTIFIER = "RKProjects.SwiftPractice-2023UITests";
				PRODUCT_NAME = "$(TARGET_NAME)";
				SWIFT_EMIT_LOC_STRINGS = NO;
				SWIFT_VERSION = 5.0;
				TARGETED_DEVICE_FAMILY = "1,2";
				TEST_TARGET_NAME = SwiftPractice_2023;
			};
			name = Debug;
		};
		18944E89298FD2CB00938EF9 /* Release */ = {
			isa = XCBuildConfiguration;
			buildSettings = {
				ALWAYS_EMBED_SWIFT_STANDARD_LIBRARIES = YES;
				CODE_SIGN_STYLE = Automatic;
				CURRENT_PROJECT_VERSION = 1;
				DEVELOPMENT_TEAM = CYN5M7KJ2P;
				GENERATE_INFOPLIST_FILE = YES;
				MARKETING_VERSION = 1.0;
				PRODUCT_BUNDLE_IDENTIFIER = "RKProjects.SwiftPractice-2023UITests";
				PRODUCT_NAME = "$(TARGET_NAME)";
				SWIFT_EMIT_LOC_STRINGS = NO;
				SWIFT_VERSION = 5.0;
				TARGETED_DEVICE_FAMILY = "1,2";
				TEST_TARGET_NAME = SwiftPractice_2023;
			};
			name = Release;
		};
/* End XCBuildConfiguration section */

/* Begin XCConfigurationList section */
		18944E4F298FD2C400938EF9 /* Build configuration list for PBXProject "SwiftPractice_2023" */ = {
			isa = XCConfigurationList;
			buildConfigurations = (
				18944E7F298FD2CB00938EF9 /* Debug */,
				18944E80298FD2CB00938EF9 /* Release */,
			);
			defaultConfigurationIsVisible = 0;
			defaultConfigurationName = Release;
		};
		18944E81298FD2CB00938EF9 /* Build configuration list for PBXNativeTarget "SwiftPractice_2023" */ = {
			isa = XCConfigurationList;
			buildConfigurations = (
				18944E82298FD2CB00938EF9 /* Debug */,
				18944E83298FD2CB00938EF9 /* Release */,
			);
			defaultConfigurationIsVisible = 0;
			defaultConfigurationName = Release;
		};
		18944E84298FD2CB00938EF9 /* Build configuration list for PBXNativeTarget "SwiftPractice_2023Tests" */ = {
			isa = XCConfigurationList;
			buildConfigurations = (
				18944E85298FD2CB00938EF9 /* Debug */,
				18944E86298FD2CB00938EF9 /* Release */,
			);
			defaultConfigurationIsVisible = 0;
			defaultConfigurationName = Release;
		};
		18944E87298FD2CB00938EF9 /* Build configuration list for PBXNativeTarget "SwiftPractice_2023UITests" */ = {
			isa = XCConfigurationList;
			buildConfigurations = (
				18944E88298FD2CB00938EF9 /* Debug */,
				18944E89298FD2CB00938EF9 /* Release */,
			);
			defaultConfigurationIsVisible = 0;
			defaultConfigurationName = Release;
		};
/* End XCConfigurationList section */

/* Begin XCVersionGroup section */
		18944E60298FD2C400938EF9 /* SwiftPractice_2023.xcdatamodeld */ = {
			isa = XCVersionGroup;
			children = (
				18944E61298FD2C400938EF9 /* SwiftPractice_2023.xcdatamodel */,
			);
			currentVersion = 18944E61298FD2C400938EF9 /* SwiftPractice_2023.xcdatamodel */;
			path = SwiftPractice_2023.xcdatamodeld;
			sourceTree = "<group>";
			versionGroupType = wrapper.xcdatamodel;
		};
/* End XCVersionGroup section */
	};
	rootObject = 18944E4C298FD2C400938EF9 /* Project object */;
}
